// !$*UTF8*$!
{
	archiveVersion = 1;
	classes = {
	};
	objectVersion = 55;
	objects = {

/* Begin PBXBuildFile section */
		04C821D6408593A8240C0237 /* Pods_ToDo_ToDoUITests.framework in Frameworks */ = {isa = PBXBuildFile; fileRef = 1E13C8216A43813E1E65F7A8 /* Pods_ToDo_ToDoUITests.framework */; };
		390A4D5D28A68707008C08EF /* NetworkService.swift in Sources */ = {isa = PBXBuildFile; fileRef = 390A4D5C28A68707008C08EF /* NetworkService.swift */; };
		390A4D5F28A68900008C08EF /* FileCacheService.swift in Sources */ = {isa = PBXBuildFile; fileRef = 390A4D5E28A68900008C08EF /* FileCacheService.swift */; };
		3927CA3E288F37C10042BEAE /* AppDelegate.swift in Sources */ = {isa = PBXBuildFile; fileRef = 3927CA3D288F37C10042BEAE /* AppDelegate.swift */; };
		3927CA40288F37C10042BEAE /* SceneDelegate.swift in Sources */ = {isa = PBXBuildFile; fileRef = 3927CA3F288F37C10042BEAE /* SceneDelegate.swift */; };
		3927CA45288F37C10042BEAE /* Main.storyboard in Resources */ = {isa = PBXBuildFile; fileRef = 3927CA43288F37C10042BEAE /* Main.storyboard */; };
		3927CA47288F37C20042BEAE /* Assets.xcassets in Resources */ = {isa = PBXBuildFile; fileRef = 3927CA46288F37C20042BEAE /* Assets.xcassets */; };
		3927CA4A288F37C20042BEAE /* LaunchScreen.storyboard in Resources */ = {isa = PBXBuildFile; fileRef = 3927CA48288F37C20042BEAE /* LaunchScreen.storyboard */; };
		3927CA55288F37C20042BEAE /* TodoItemTests.swift in Sources */ = {isa = PBXBuildFile; fileRef = 3927CA54288F37C20042BEAE /* TodoItemTests.swift */; };
		3927CA5F288F37C20042BEAE /* ToDoUITests.swift in Sources */ = {isa = PBXBuildFile; fileRef = 3927CA5E288F37C20042BEAE /* ToDoUITests.swift */; };
		3927CA61288F37C20042BEAE /* ToDoUITestsLaunchTests.swift in Sources */ = {isa = PBXBuildFile; fileRef = 3927CA60288F37C20042BEAE /* ToDoUITestsLaunchTests.swift */; };
		3929F17C289FFDAA00FFCE6E /* Date+Extension.swift in Sources */ = {isa = PBXBuildFile; fileRef = 3929F17B289FFDAA00FFCE6E /* Date+Extension.swift */; };
		3929F17E289FFDBD00FFCE6E /* UIViewController+Extension.swift in Sources */ = {isa = PBXBuildFile; fileRef = 3929F17D289FFDBD00FFCE6E /* UIViewController+Extension.swift */; };
		3929F181289FFE0A00FFCE6E /* TodoItemVC.swift in Sources */ = {isa = PBXBuildFile; fileRef = 3929F180289FFE0A00FFCE6E /* TodoItemVC.swift */; };
		3929F183289FFE1C00FFCE6E /* TodoItemPresenter.swift in Sources */ = {isa = PBXBuildFile; fileRef = 3929F182289FFE1C00FFCE6E /* TodoItemPresenter.swift */; };
		3929F186289FFE3D00FFCE6E /* DatePickerCell.swift in Sources */ = {isa = PBXBuildFile; fileRef = 3929F185289FFE3D00FFCE6E /* DatePickerCell.swift */; };
		3929F188289FFE4A00FFCE6E /* DeadlineCell.swift in Sources */ = {isa = PBXBuildFile; fileRef = 3929F187289FFE4A00FFCE6E /* DeadlineCell.swift */; };
		3929F18A289FFE5E00FFCE6E /* ImportanceCell.swift in Sources */ = {isa = PBXBuildFile; fileRef = 3929F189289FFE5E00FFCE6E /* ImportanceCell.swift */; };
		3929F18D289FFF2700FFCE6E /* ListTodoItemsVC.swift in Sources */ = {isa = PBXBuildFile; fileRef = 3929F18C289FFF2700FFCE6E /* ListTodoItemsVC.swift */; };
		3929F18F289FFF3D00FFCE6E /* ListTodoItemsPresenter.swift in Sources */ = {isa = PBXBuildFile; fileRef = 3929F18E289FFF3D00FFCE6E /* ListTodoItemsPresenter.swift */; };
		3929F192289FFF6E00FFCE6E /* NewTodoItemCell.swift in Sources */ = {isa = PBXBuildFile; fileRef = 3929F191289FFF6E00FFCE6E /* NewTodoItemCell.swift */; };
		3929F194289FFF8300FFCE6E /* TodoItemWithDeadlineCell.swift in Sources */ = {isa = PBXBuildFile; fileRef = 3929F193289FFF8300FFCE6E /* TodoItemWithDeadlineCell.swift */; };
		3929F196289FFF9A00FFCE6E /* TodoItemWithoutDeadlineCell.swift in Sources */ = {isa = PBXBuildFile; fileRef = 3929F195289FFF9900FFCE6E /* TodoItemWithoutDeadlineCell.swift */; };
		399A966A28AE95B100676390 /* TodoItemNetworkModel.swift in Sources */ = {isa = PBXBuildFile; fileRef = 399A966928AE95B100676390 /* TodoItemNetworkModel.swift */; };
		399A966D28AE95E900676390 /* ElementNetworkModel.swift in Sources */ = {isa = PBXBuildFile; fileRef = 399A966C28AE95E900676390 /* ElementNetworkModel.swift */; };
		399A967228AE986900676390 /* ListNetworkModel.swift in Sources */ = {isa = PBXBuildFile; fileRef = 399A967128AE986900676390 /* ListNetworkModel.swift */; };
		39B1BC382895F21000442E51 /* TodoItem+Fixture.swift in Sources */ = {isa = PBXBuildFile; fileRef = 39B1BC372895F21000442E51 /* TodoItem+Fixture.swift */; };
		39B1BC3C289603DB00442E51 /* FileCacheTests.swift in Sources */ = {isa = PBXBuildFile; fileRef = 39B1BC3B289603DB00442E51 /* FileCacheTests.swift */; };
		39B9C3F52891E05C00780414 /* FileCache.swift in Sources */ = {isa = PBXBuildFile; fileRef = 39B9C3F42891E05C00780414 /* FileCache.swift */; };
		3F8B060C6D70ED00E0C3C4CF /* Pods_ToDoTests.framework in Frameworks */ = {isa = PBXBuildFile; fileRef = 0ACC6C1D0C85434476DA7FB9 /* Pods_ToDoTests.framework */; };
		463C95C59C74ABAA870B7AF8 /* Pods_ToDo.framework in Frameworks */ = {isa = PBXBuildFile; fileRef = 29EF632A28D9C27839E3F399 /* Pods_ToDo.framework */; };
/* End PBXBuildFile section */

/* Begin PBXContainerItemProxy section */
		3927CA51288F37C20042BEAE /* PBXContainerItemProxy */ = {
			isa = PBXContainerItemProxy;
			containerPortal = 3927CA32288F37C10042BEAE /* Project object */;
			proxyType = 1;
			remoteGlobalIDString = 3927CA39288F37C10042BEAE;
			remoteInfo = ToDo;
		};
		3927CA5B288F37C20042BEAE /* PBXContainerItemProxy */ = {
			isa = PBXContainerItemProxy;
			containerPortal = 3927CA32288F37C10042BEAE /* Project object */;
			proxyType = 1;
			remoteGlobalIDString = 3927CA39288F37C10042BEAE;
			remoteInfo = ToDo;
		};
/* End PBXContainerItemProxy section */

/* Begin PBXFileReference section */
		0902377807653E87372DCBCC /* Pods-ToDo-ToDoUITests.release.xcconfig */ = {isa = PBXFileReference; includeInIndex = 1; lastKnownFileType = text.xcconfig; name = "Pods-ToDo-ToDoUITests.release.xcconfig"; path = "Target Support Files/Pods-ToDo-ToDoUITests/Pods-ToDo-ToDoUITests.release.xcconfig"; sourceTree = "<group>"; };
		0ACC6C1D0C85434476DA7FB9 /* Pods_ToDoTests.framework */ = {isa = PBXFileReference; explicitFileType = wrapper.framework; includeInIndex = 0; path = Pods_ToDoTests.framework; sourceTree = BUILT_PRODUCTS_DIR; };
		1BD9CDA26AB1F779829B4331 /* Pods-ToDo-ToDoUITests.debug.xcconfig */ = {isa = PBXFileReference; includeInIndex = 1; lastKnownFileType = text.xcconfig; name = "Pods-ToDo-ToDoUITests.debug.xcconfig"; path = "Target Support Files/Pods-ToDo-ToDoUITests/Pods-ToDo-ToDoUITests.debug.xcconfig"; sourceTree = "<group>"; };
		1E13C8216A43813E1E65F7A8 /* Pods_ToDo_ToDoUITests.framework */ = {isa = PBXFileReference; explicitFileType = wrapper.framework; includeInIndex = 0; path = Pods_ToDo_ToDoUITests.framework; sourceTree = BUILT_PRODUCTS_DIR; };
		25B5676FC3C9323C542CE603 /* Pods-ToDo.release.xcconfig */ = {isa = PBXFileReference; includeInIndex = 1; lastKnownFileType = text.xcconfig; name = "Pods-ToDo.release.xcconfig"; path = "Target Support Files/Pods-ToDo/Pods-ToDo.release.xcconfig"; sourceTree = "<group>"; };
		29EF632A28D9C27839E3F399 /* Pods_ToDo.framework */ = {isa = PBXFileReference; explicitFileType = wrapper.framework; includeInIndex = 0; path = Pods_ToDo.framework; sourceTree = BUILT_PRODUCTS_DIR; };
		390A4D5C28A68707008C08EF /* NetworkService.swift */ = {isa = PBXFileReference; lastKnownFileType = sourcecode.swift; path = NetworkService.swift; sourceTree = "<group>"; };
		390A4D5E28A68900008C08EF /* FileCacheService.swift */ = {isa = PBXFileReference; lastKnownFileType = sourcecode.swift; path = FileCacheService.swift; sourceTree = "<group>"; };
		3927CA3A288F37C10042BEAE /* ToDo.app */ = {isa = PBXFileReference; explicitFileType = wrapper.application; includeInIndex = 0; path = ToDo.app; sourceTree = BUILT_PRODUCTS_DIR; };
		3927CA3D288F37C10042BEAE /* AppDelegate.swift */ = {isa = PBXFileReference; lastKnownFileType = sourcecode.swift; path = AppDelegate.swift; sourceTree = "<group>"; };
		3927CA3F288F37C10042BEAE /* SceneDelegate.swift */ = {isa = PBXFileReference; lastKnownFileType = sourcecode.swift; path = SceneDelegate.swift; sourceTree = "<group>"; };
		3927CA44288F37C10042BEAE /* Base */ = {isa = PBXFileReference; lastKnownFileType = file.storyboard; name = Base; path = Base.lproj/Main.storyboard; sourceTree = "<group>"; };
		3927CA46288F37C20042BEAE /* Assets.xcassets */ = {isa = PBXFileReference; lastKnownFileType = folder.assetcatalog; path = Assets.xcassets; sourceTree = "<group>"; };
		3927CA49288F37C20042BEAE /* Base */ = {isa = PBXFileReference; lastKnownFileType = file.storyboard; name = Base; path = Base.lproj/LaunchScreen.storyboard; sourceTree = "<group>"; };
		3927CA4B288F37C20042BEAE /* Info.plist */ = {isa = PBXFileReference; lastKnownFileType = text.plist.xml; path = Info.plist; sourceTree = "<group>"; };
		3927CA50288F37C20042BEAE /* ToDoTests.xctest */ = {isa = PBXFileReference; explicitFileType = wrapper.cfbundle; includeInIndex = 0; path = ToDoTests.xctest; sourceTree = BUILT_PRODUCTS_DIR; };
		3927CA54288F37C20042BEAE /* TodoItemTests.swift */ = {isa = PBXFileReference; lastKnownFileType = sourcecode.swift; path = TodoItemTests.swift; sourceTree = "<group>"; };
		3927CA5A288F37C20042BEAE /* ToDoUITests.xctest */ = {isa = PBXFileReference; explicitFileType = wrapper.cfbundle; includeInIndex = 0; path = ToDoUITests.xctest; sourceTree = BUILT_PRODUCTS_DIR; };
		3927CA5E288F37C20042BEAE /* ToDoUITests.swift */ = {isa = PBXFileReference; lastKnownFileType = sourcecode.swift; path = ToDoUITests.swift; sourceTree = "<group>"; };
		3927CA60288F37C20042BEAE /* ToDoUITestsLaunchTests.swift */ = {isa = PBXFileReference; lastKnownFileType = sourcecode.swift; path = ToDoUITestsLaunchTests.swift; sourceTree = "<group>"; };
		3929F17B289FFDAA00FFCE6E /* Date+Extension.swift */ = {isa = PBXFileReference; lastKnownFileType = sourcecode.swift; path = "Date+Extension.swift"; sourceTree = "<group>"; };
		3929F17D289FFDBD00FFCE6E /* UIViewController+Extension.swift */ = {isa = PBXFileReference; lastKnownFileType = sourcecode.swift; path = "UIViewController+Extension.swift"; sourceTree = "<group>"; };
		3929F180289FFE0A00FFCE6E /* TodoItemVC.swift */ = {isa = PBXFileReference; lastKnownFileType = sourcecode.swift; path = TodoItemVC.swift; sourceTree = "<group>"; };
		3929F182289FFE1C00FFCE6E /* TodoItemPresenter.swift */ = {isa = PBXFileReference; lastKnownFileType = sourcecode.swift; path = TodoItemPresenter.swift; sourceTree = "<group>"; };
		3929F185289FFE3D00FFCE6E /* DatePickerCell.swift */ = {isa = PBXFileReference; lastKnownFileType = sourcecode.swift; path = DatePickerCell.swift; sourceTree = "<group>"; };
		3929F187289FFE4A00FFCE6E /* DeadlineCell.swift */ = {isa = PBXFileReference; lastKnownFileType = sourcecode.swift; path = DeadlineCell.swift; sourceTree = "<group>"; };
		3929F189289FFE5E00FFCE6E /* ImportanceCell.swift */ = {isa = PBXFileReference; lastKnownFileType = sourcecode.swift; path = ImportanceCell.swift; sourceTree = "<group>"; };
		3929F18C289FFF2700FFCE6E /* ListTodoItemsVC.swift */ = {isa = PBXFileReference; lastKnownFileType = sourcecode.swift; path = ListTodoItemsVC.swift; sourceTree = "<group>"; };
		3929F18E289FFF3D00FFCE6E /* ListTodoItemsPresenter.swift */ = {isa = PBXFileReference; lastKnownFileType = sourcecode.swift; path = ListTodoItemsPresenter.swift; sourceTree = "<group>"; };
		3929F191289FFF6E00FFCE6E /* NewTodoItemCell.swift */ = {isa = PBXFileReference; lastKnownFileType = sourcecode.swift; path = NewTodoItemCell.swift; sourceTree = "<group>"; };
		3929F193289FFF8300FFCE6E /* TodoItemWithDeadlineCell.swift */ = {isa = PBXFileReference; lastKnownFileType = sourcecode.swift; path = TodoItemWithDeadlineCell.swift; sourceTree = "<group>"; };
		3929F195289FFF9900FFCE6E /* TodoItemWithoutDeadlineCell.swift */ = {isa = PBXFileReference; lastKnownFileType = sourcecode.swift; path = TodoItemWithoutDeadlineCell.swift; sourceTree = "<group>"; };
		399A966928AE95B100676390 /* TodoItemNetworkModel.swift */ = {isa = PBXFileReference; lastKnownFileType = sourcecode.swift; path = TodoItemNetworkModel.swift; sourceTree = "<group>"; };
		399A966C28AE95E900676390 /* ElementNetworkModel.swift */ = {isa = PBXFileReference; lastKnownFileType = sourcecode.swift; path = ElementNetworkModel.swift; sourceTree = "<group>"; };
		399A967128AE986900676390 /* ListNetworkModel.swift */ = {isa = PBXFileReference; lastKnownFileType = sourcecode.swift; path = ListNetworkModel.swift; sourceTree = "<group>"; };
		39B1BC372895F21000442E51 /* TodoItem+Fixture.swift */ = {isa = PBXFileReference; lastKnownFileType = sourcecode.swift; path = "TodoItem+Fixture.swift"; sourceTree = "<group>"; };
		39B1BC3B289603DB00442E51 /* FileCacheTests.swift */ = {isa = PBXFileReference; lastKnownFileType = sourcecode.swift; path = FileCacheTests.swift; sourceTree = "<group>"; };
		39B9C3F42891E05C00780414 /* FileCache.swift */ = {isa = PBXFileReference; lastKnownFileType = sourcecode.swift; path = FileCache.swift; sourceTree = "<group>"; };
		8A742F1D24F8816D4FEF39B2 /* Pods-ToDoTests.debug.xcconfig */ = {isa = PBXFileReference; includeInIndex = 1; lastKnownFileType = text.xcconfig; name = "Pods-ToDoTests.debug.xcconfig"; path = "Target Support Files/Pods-ToDoTests/Pods-ToDoTests.debug.xcconfig"; sourceTree = "<group>"; };
		912454B0569B585AF8AC5B5C /* Pods-ToDo.debug.xcconfig */ = {isa = PBXFileReference; includeInIndex = 1; lastKnownFileType = text.xcconfig; name = "Pods-ToDo.debug.xcconfig"; path = "Target Support Files/Pods-ToDo/Pods-ToDo.debug.xcconfig"; sourceTree = "<group>"; };
		F773559197E69D4E82398ACE /* Pods-ToDoTests.release.xcconfig */ = {isa = PBXFileReference; includeInIndex = 1; lastKnownFileType = text.xcconfig; name = "Pods-ToDoTests.release.xcconfig"; path = "Target Support Files/Pods-ToDoTests/Pods-ToDoTests.release.xcconfig"; sourceTree = "<group>"; };
/* End PBXFileReference section */

/* Begin PBXFrameworksBuildPhase section */
		3927CA37288F37C10042BEAE /* Frameworks */ = {
			isa = PBXFrameworksBuildPhase;
			buildActionMask = 2147483647;
			files = (
				463C95C59C74ABAA870B7AF8 /* Pods_ToDo.framework in Frameworks */,
			);
			runOnlyForDeploymentPostprocessing = 0;
		};
		3927CA4D288F37C20042BEAE /* Frameworks */ = {
			isa = PBXFrameworksBuildPhase;
			buildActionMask = 2147483647;
			files = (
				3F8B060C6D70ED00E0C3C4CF /* Pods_ToDoTests.framework in Frameworks */,
			);
			runOnlyForDeploymentPostprocessing = 0;
		};
		3927CA57288F37C20042BEAE /* Frameworks */ = {
			isa = PBXFrameworksBuildPhase;
			buildActionMask = 2147483647;
			files = (
				04C821D6408593A8240C0237 /* Pods_ToDo_ToDoUITests.framework in Frameworks */,
			);
			runOnlyForDeploymentPostprocessing = 0;
		};
/* End PBXFrameworksBuildPhase section */

/* Begin PBXGroup section */
		390A4D5B28A686F3008C08EF /* Services */ = {
			isa = PBXGroup;
			children = (
				399A966828AE958800676390 /* NetworkService */,
				390A4D5E28A68900008C08EF /* FileCacheService.swift */,
			);
			path = Services;
			sourceTree = "<group>";
		};
		3927CA31288F37C10042BEAE = {
			isa = PBXGroup;
			children = (
				3927CA3C288F37C10042BEAE /* ToDo */,
				3927CA53288F37C20042BEAE /* ToDoTests */,
				3927CA5D288F37C20042BEAE /* ToDoUITests */,
				3927CA3B288F37C10042BEAE /* Products */,
				667E4C50380E01E2299FE5DB /* Pods */,
				7FB63D514F371A42E8CB16F1 /* Frameworks */,
			);
			sourceTree = "<group>";
		};
		3927CA3B288F37C10042BEAE /* Products */ = {
			isa = PBXGroup;
			children = (
				3927CA3A288F37C10042BEAE /* ToDo.app */,
				3927CA50288F37C20042BEAE /* ToDoTests.xctest */,
				3927CA5A288F37C20042BEAE /* ToDoUITests.xctest */,
			);
			name = Products;
			sourceTree = "<group>";
		};
		3927CA3C288F37C10042BEAE /* ToDo */ = {
			isa = PBXGroup;
			children = (
				3927CA3D288F37C10042BEAE /* AppDelegate.swift */,
				3927CA3F288F37C10042BEAE /* SceneDelegate.swift */,
				390A4D5B28A686F3008C08EF /* Services */,
				3929F17A289FFD9C00FFCE6E /* Extensions */,
				3929F18B289FFE7900FFCE6E /* ListTodoItemsMVP */,
				3929F17F289FFDF700FFCE6E /* TodoItemMVP */,
				39B9C3F42891E05C00780414 /* FileCache.swift */,
				3927CA43288F37C10042BEAE /* Main.storyboard */,
				3927CA46288F37C20042BEAE /* Assets.xcassets */,
				3927CA48288F37C20042BEAE /* LaunchScreen.storyboard */,
				3927CA4B288F37C20042BEAE /* Info.plist */,
			);
			path = ToDo;
			sourceTree = "<group>";
		};
		3927CA53288F37C20042BEAE /* ToDoTests */ = {
			isa = PBXGroup;
			children = (
				39B1BC3E2896042B00442E51 /* FileCacheTests */,
				39B1BC3D2896041D00442E51 /* TodoItemTests */,
			);
			path = ToDoTests;
			sourceTree = "<group>";
		};
		3927CA5D288F37C20042BEAE /* ToDoUITests */ = {
			isa = PBXGroup;
			children = (
				3927CA5E288F37C20042BEAE /* ToDoUITests.swift */,
				3927CA60288F37C20042BEAE /* ToDoUITestsLaunchTests.swift */,
			);
			path = ToDoUITests;
			sourceTree = "<group>";
		};
		3929F17A289FFD9C00FFCE6E /* Extensions */ = {
			isa = PBXGroup;
			children = (
				3929F17B289FFDAA00FFCE6E /* Date+Extension.swift */,
				3929F17D289FFDBD00FFCE6E /* UIViewController+Extension.swift */,
			);
			path = Extensions;
			sourceTree = "<group>";
		};
		3929F17F289FFDF700FFCE6E /* TodoItemMVP */ = {
			isa = PBXGroup;
			children = (
				3929F180289FFE0A00FFCE6E /* TodoItemVC.swift */,
				3929F182289FFE1C00FFCE6E /* TodoItemPresenter.swift */,
				3929F184289FFE2500FFCE6E /* CustomCells */,
			);
			path = TodoItemMVP;
			sourceTree = "<group>";
		};
		3929F184289FFE2500FFCE6E /* CustomCells */ = {
			isa = PBXGroup;
			children = (
				3929F185289FFE3D00FFCE6E /* DatePickerCell.swift */,
				3929F187289FFE4A00FFCE6E /* DeadlineCell.swift */,
				3929F189289FFE5E00FFCE6E /* ImportanceCell.swift */,
			);
			path = CustomCells;
			sourceTree = "<group>";
		};
		3929F18B289FFE7900FFCE6E /* ListTodoItemsMVP */ = {
			isa = PBXGroup;
			children = (
				3929F18C289FFF2700FFCE6E /* ListTodoItemsVC.swift */,
				3929F18E289FFF3D00FFCE6E /* ListTodoItemsPresenter.swift */,
				3929F190289FFF4500FFCE6E /* CustomCells */,
			);
			path = ListTodoItemsMVP;
			sourceTree = "<group>";
		};
		3929F190289FFF4500FFCE6E /* CustomCells */ = {
			isa = PBXGroup;
			children = (
				3929F191289FFF6E00FFCE6E /* NewTodoItemCell.swift */,
				3929F193289FFF8300FFCE6E /* TodoItemWithDeadlineCell.swift */,
				3929F195289FFF9900FFCE6E /* TodoItemWithoutDeadlineCell.swift */,
			);
			path = CustomCells;
			sourceTree = "<group>";
		};
		399A966828AE958800676390 /* NetworkService */ = {
			isa = PBXGroup;
			children = (
				390A4D5C28A68707008C08EF /* NetworkService.swift */,
				399A966928AE95B100676390 /* TodoItemNetworkModel.swift */,
				399A967128AE986900676390 /* ListNetworkModel.swift */,
				399A966C28AE95E900676390 /* ElementNetworkModel.swift */,
			);
			path = NetworkService;
			sourceTree = "<group>";
		};
		39B1BC3D2896041D00442E51 /* TodoItemTests */ = {
			isa = PBXGroup;
			children = (
				3927CA54288F37C20042BEAE /* TodoItemTests.swift */,
				39B1BC372895F21000442E51 /* TodoItem+Fixture.swift */,
			);
			path = TodoItemTests;
			sourceTree = "<group>";
		};
		39B1BC3E2896042B00442E51 /* FileCacheTests */ = {
			isa = PBXGroup;
			children = (
				39B1BC3B289603DB00442E51 /* FileCacheTests.swift */,
			);
			path = FileCacheTests;
			sourceTree = "<group>";
		};
		667E4C50380E01E2299FE5DB /* Pods */ = {
			isa = PBXGroup;
			children = (
				912454B0569B585AF8AC5B5C /* Pods-ToDo.debug.xcconfig */,
				25B5676FC3C9323C542CE603 /* Pods-ToDo.release.xcconfig */,
				1BD9CDA26AB1F779829B4331 /* Pods-ToDo-ToDoUITests.debug.xcconfig */,
				0902377807653E87372DCBCC /* Pods-ToDo-ToDoUITests.release.xcconfig */,
				8A742F1D24F8816D4FEF39B2 /* Pods-ToDoTests.debug.xcconfig */,
				F773559197E69D4E82398ACE /* Pods-ToDoTests.release.xcconfig */,
			);
			path = Pods;
			sourceTree = "<group>";
		};
		7FB63D514F371A42E8CB16F1 /* Frameworks */ = {
			isa = PBXGroup;
			children = (
				29EF632A28D9C27839E3F399 /* Pods_ToDo.framework */,
				1E13C8216A43813E1E65F7A8 /* Pods_ToDo_ToDoUITests.framework */,
				0ACC6C1D0C85434476DA7FB9 /* Pods_ToDoTests.framework */,
			);
			name = Frameworks;
			sourceTree = "<group>";
		};
/* End PBXGroup section */

/* Begin PBXNativeTarget section */
		3927CA39288F37C10042BEAE /* ToDo */ = {
			isa = PBXNativeTarget;
			buildConfigurationList = 3927CA64288F37C20042BEAE /* Build configuration list for PBXNativeTarget "ToDo" */;
			buildPhases = (
				8206CAC8BAF54331F6662E7C /* [CP] Check Pods Manifest.lock */,
				3966DD0C28A2AEE4003E1B64 /* ShellScript */,
				3927CA36288F37C10042BEAE /* Sources */,
				3927CA37288F37C10042BEAE /* Frameworks */,
				3927CA38288F37C10042BEAE /* Resources */,
				9C3357A9BCE52B44DD9F2B07 /* [CP] Embed Pods Frameworks */,
			);
			buildRules = (
			);
			dependencies = (
			);
			name = ToDo;
			productName = ToDo;
			productReference = 3927CA3A288F37C10042BEAE /* ToDo.app */;
			productType = "com.apple.product-type.application";
		};
		3927CA4F288F37C20042BEAE /* ToDoTests */ = {
			isa = PBXNativeTarget;
			buildConfigurationList = 3927CA67288F37C20042BEAE /* Build configuration list for PBXNativeTarget "ToDoTests" */;
			buildPhases = (
				2E1E90D4C15590DB77465223 /* [CP] Check Pods Manifest.lock */,
				3927CA4C288F37C20042BEAE /* Sources */,
				3927CA4D288F37C20042BEAE /* Frameworks */,
				3927CA4E288F37C20042BEAE /* Resources */,
			);
			buildRules = (
			);
			dependencies = (
				3927CA52288F37C20042BEAE /* PBXTargetDependency */,
			);
			name = ToDoTests;
			productName = ToDoTests;
			productReference = 3927CA50288F37C20042BEAE /* ToDoTests.xctest */;
			productType = "com.apple.product-type.bundle.unit-test";
		};
		3927CA59288F37C20042BEAE /* ToDoUITests */ = {
			isa = PBXNativeTarget;
			buildConfigurationList = 3927CA6A288F37C20042BEAE /* Build configuration list for PBXNativeTarget "ToDoUITests" */;
			buildPhases = (
				FAAA0959374AD9E038097FD7 /* [CP] Check Pods Manifest.lock */,
				3927CA56288F37C20042BEAE /* Sources */,
				3927CA57288F37C20042BEAE /* Frameworks */,
				3927CA58288F37C20042BEAE /* Resources */,
				DB0B62E7AAC613F119367EDD /* [CP] Embed Pods Frameworks */,
			);
			buildRules = (
			);
			dependencies = (
				3927CA5C288F37C20042BEAE /* PBXTargetDependency */,
			);
			name = ToDoUITests;
			productName = ToDoUITests;
			productReference = 3927CA5A288F37C20042BEAE /* ToDoUITests.xctest */;
			productType = "com.apple.product-type.bundle.ui-testing";
		};
/* End PBXNativeTarget section */

/* Begin PBXProject section */
		3927CA32288F37C10042BEAE /* Project object */ = {
			isa = PBXProject;
			attributes = {
				BuildIndependentTargetsInParallel = 1;
				LastSwiftUpdateCheck = 1320;
				LastUpgradeCheck = 1320;
				TargetAttributes = {
					3927CA39288F37C10042BEAE = {
						CreatedOnToolsVersion = 13.2;
					};
					3927CA4F288F37C20042BEAE = {
						CreatedOnToolsVersion = 13.2;
						TestTargetID = 3927CA39288F37C10042BEAE;
					};
					3927CA59288F37C20042BEAE = {
						CreatedOnToolsVersion = 13.2;
						TestTargetID = 3927CA39288F37C10042BEAE;
					};
				};
			};
			buildConfigurationList = 3927CA35288F37C10042BEAE /* Build configuration list for PBXProject "ToDo" */;
			compatibilityVersion = "Xcode 13.0";
			developmentRegion = en;
			hasScannedForEncodings = 0;
			knownRegions = (
				en,
				Base,
			);
			mainGroup = 3927CA31288F37C10042BEAE;
			productRefGroup = 3927CA3B288F37C10042BEAE /* Products */;
			projectDirPath = "";
			projectRoot = "";
			targets = (
				3927CA39288F37C10042BEAE /* ToDo */,
				3927CA4F288F37C20042BEAE /* ToDoTests */,
				3927CA59288F37C20042BEAE /* ToDoUITests */,
			);
		};
/* End PBXProject section */

/* Begin PBXResourcesBuildPhase section */
		3927CA38288F37C10042BEAE /* Resources */ = {
			isa = PBXResourcesBuildPhase;
			buildActionMask = 2147483647;
			files = (
				3927CA4A288F37C20042BEAE /* LaunchScreen.storyboard in Resources */,
				3927CA47288F37C20042BEAE /* Assets.xcassets in Resources */,
				3927CA45288F37C10042BEAE /* Main.storyboard in Resources */,
			);
			runOnlyForDeploymentPostprocessing = 0;
		};
		3927CA4E288F37C20042BEAE /* Resources */ = {
			isa = PBXResourcesBuildPhase;
			buildActionMask = 2147483647;
			files = (
			);
			runOnlyForDeploymentPostprocessing = 0;
		};
		3927CA58288F37C20042BEAE /* Resources */ = {
			isa = PBXResourcesBuildPhase;
			buildActionMask = 2147483647;
			files = (
			);
			runOnlyForDeploymentPostprocessing = 0;
		};
/* End PBXResourcesBuildPhase section */

/* Begin PBXShellScriptBuildPhase section */
		2E1E90D4C15590DB77465223 /* [CP] Check Pods Manifest.lock */ = {
			isa = PBXShellScriptBuildPhase;
			buildActionMask = 2147483647;
			files = (
			);
			inputFileListPaths = (
			);
			inputPaths = (
				"${PODS_PODFILE_DIR_PATH}/Podfile.lock",
				"${PODS_ROOT}/Manifest.lock",
			);
			name = "[CP] Check Pods Manifest.lock";
			outputFileListPaths = (
			);
			outputPaths = (
				"$(DERIVED_FILE_DIR)/Pods-ToDoTests-checkManifestLockResult.txt",
			);
			runOnlyForDeploymentPostprocessing = 0;
			shellPath = /bin/sh;
			shellScript = "diff \"${PODS_PODFILE_DIR_PATH}/Podfile.lock\" \"${PODS_ROOT}/Manifest.lock\" > /dev/null\nif [ $? != 0 ] ; then\n    # print error to STDERR\n    echo \"error: The sandbox is not in sync with the Podfile.lock. Run 'pod install' or update your CocoaPods installation.\" >&2\n    exit 1\nfi\n# This output is used by Xcode 'outputs' to avoid re-running this script phase.\necho \"SUCCESS\" > \"${SCRIPT_OUTPUT_FILE_0}\"\n";
			showEnvVarsInLog = 0;
		};
		3966DD0C28A2AEE4003E1B64 /* ShellScript */ = {
			isa = PBXShellScriptBuildPhase;
			buildActionMask = 2147483647;
			files = (
			);
			inputFileListPaths = (
			);
			inputPaths = (
			);
			outputFileListPaths = (
			);
			outputPaths = (
			);
			runOnlyForDeploymentPostprocessing = 0;
			shellPath = /bin/sh;
			shellScript = "\"${PODS_ROOT}/SwiftLint/swiftlint\"\n";
		};
		8206CAC8BAF54331F6662E7C /* [CP] Check Pods Manifest.lock */ = {
			isa = PBXShellScriptBuildPhase;
			buildActionMask = 2147483647;
			files = (
			);
			inputFileListPaths = (
			);
			inputPaths = (
				"${PODS_PODFILE_DIR_PATH}/Podfile.lock",
				"${PODS_ROOT}/Manifest.lock",
			);
			name = "[CP] Check Pods Manifest.lock";
			outputFileListPaths = (
			);
			outputPaths = (
				"$(DERIVED_FILE_DIR)/Pods-ToDo-checkManifestLockResult.txt",
			);
			runOnlyForDeploymentPostprocessing = 0;
			shellPath = /bin/sh;
			shellScript = "diff \"${PODS_PODFILE_DIR_PATH}/Podfile.lock\" \"${PODS_ROOT}/Manifest.lock\" > /dev/null\nif [ $? != 0 ] ; then\n    # print error to STDERR\n    echo \"error: The sandbox is not in sync with the Podfile.lock. Run 'pod install' or update your CocoaPods installation.\" >&2\n    exit 1\nfi\n# This output is used by Xcode 'outputs' to avoid re-running this script phase.\necho \"SUCCESS\" > \"${SCRIPT_OUTPUT_FILE_0}\"\n";
			showEnvVarsInLog = 0;
		};
		9C3357A9BCE52B44DD9F2B07 /* [CP] Embed Pods Frameworks */ = {
			isa = PBXShellScriptBuildPhase;
			buildActionMask = 2147483647;
			files = (
			);
			inputFileListPaths = (
				"${PODS_ROOT}/Target Support Files/Pods-ToDo/Pods-ToDo-frameworks-${CONFIGURATION}-input-files.xcfilelist",
			);
			name = "[CP] Embed Pods Frameworks";
			outputFileListPaths = (
				"${PODS_ROOT}/Target Support Files/Pods-ToDo/Pods-ToDo-frameworks-${CONFIGURATION}-output-files.xcfilelist",
			);
			runOnlyForDeploymentPostprocessing = 0;
			shellPath = /bin/sh;
			shellScript = "\"${PODS_ROOT}/Target Support Files/Pods-ToDo/Pods-ToDo-frameworks.sh\"\n";
			showEnvVarsInLog = 0;
		};
		DB0B62E7AAC613F119367EDD /* [CP] Embed Pods Frameworks */ = {
			isa = PBXShellScriptBuildPhase;
			buildActionMask = 2147483647;
			files = (
			);
			inputFileListPaths = (
				"${PODS_ROOT}/Target Support Files/Pods-ToDo-ToDoUITests/Pods-ToDo-ToDoUITests-frameworks-${CONFIGURATION}-input-files.xcfilelist",
			);
			name = "[CP] Embed Pods Frameworks";
			outputFileListPaths = (
				"${PODS_ROOT}/Target Support Files/Pods-ToDo-ToDoUITests/Pods-ToDo-ToDoUITests-frameworks-${CONFIGURATION}-output-files.xcfilelist",
			);
			runOnlyForDeploymentPostprocessing = 0;
			shellPath = /bin/sh;
			shellScript = "\"${PODS_ROOT}/Target Support Files/Pods-ToDo-ToDoUITests/Pods-ToDo-ToDoUITests-frameworks.sh\"\n";
			showEnvVarsInLog = 0;
		};
		FAAA0959374AD9E038097FD7 /* [CP] Check Pods Manifest.lock */ = {
			isa = PBXShellScriptBuildPhase;
			buildActionMask = 2147483647;
			files = (
			);
			inputFileListPaths = (
			);
			inputPaths = (
				"${PODS_PODFILE_DIR_PATH}/Podfile.lock",
				"${PODS_ROOT}/Manifest.lock",
			);
			name = "[CP] Check Pods Manifest.lock";
			outputFileListPaths = (
			);
			outputPaths = (
				"$(DERIVED_FILE_DIR)/Pods-ToDo-ToDoUITests-checkManifestLockResult.txt",
			);
			runOnlyForDeploymentPostprocessing = 0;
			shellPath = /bin/sh;
			shellScript = "diff \"${PODS_PODFILE_DIR_PATH}/Podfile.lock\" \"${PODS_ROOT}/Manifest.lock\" > /dev/null\nif [ $? != 0 ] ; then\n    # print error to STDERR\n    echo \"error: The sandbox is not in sync with the Podfile.lock. Run 'pod install' or update your CocoaPods installation.\" >&2\n    exit 1\nfi\n# This output is used by Xcode 'outputs' to avoid re-running this script phase.\necho \"SUCCESS\" > \"${SCRIPT_OUTPUT_FILE_0}\"\n";
			showEnvVarsInLog = 0;
		};
/* End PBXShellScriptBuildPhase section */

/* Begin PBXSourcesBuildPhase section */
		3927CA36288F37C10042BEAE /* Sources */ = {
			isa = PBXSourcesBuildPhase;
			buildActionMask = 2147483647;
			files = (
				3929F188289FFE4A00FFCE6E /* DeadlineCell.swift in Sources */,
				3929F183289FFE1C00FFCE6E /* TodoItemPresenter.swift in Sources */,
				3929F196289FFF9A00FFCE6E /* TodoItemWithoutDeadlineCell.swift in Sources */,
				3929F192289FFF6E00FFCE6E /* NewTodoItemCell.swift in Sources */,
				3929F18F289FFF3D00FFCE6E /* ListTodoItemsPresenter.swift in Sources */,
				3927CA3E288F37C10042BEAE /* AppDelegate.swift in Sources */,
				3929F17E289FFDBD00FFCE6E /* UIViewController+Extension.swift in Sources */,
				39B9C3F52891E05C00780414 /* FileCache.swift in Sources */,
				399A967228AE986900676390 /* ListNetworkModel.swift in Sources */,
				3929F194289FFF8300FFCE6E /* TodoItemWithDeadlineCell.swift in Sources */,
				3929F17C289FFDAA00FFCE6E /* Date+Extension.swift in Sources */,
				390A4D5D28A68707008C08EF /* NetworkService.swift in Sources */,
				399A966A28AE95B100676390 /* TodoItemNetworkModel.swift in Sources */,
				3927CA40288F37C10042BEAE /* SceneDelegate.swift in Sources */,
				3929F18A289FFE5E00FFCE6E /* ImportanceCell.swift in Sources */,
				390A4D5F28A68900008C08EF /* FileCacheService.swift in Sources */,
				399A966D28AE95E900676390 /* ElementNetworkModel.swift in Sources */,
				3929F18D289FFF2700FFCE6E /* ListTodoItemsVC.swift in Sources */,
				3929F181289FFE0A00FFCE6E /* TodoItemVC.swift in Sources */,
				3929F186289FFE3D00FFCE6E /* DatePickerCell.swift in Sources */,
			);
			runOnlyForDeploymentPostprocessing = 0;
		};
		3927CA4C288F37C20042BEAE /* Sources */ = {
			isa = PBXSourcesBuildPhase;
			buildActionMask = 2147483647;
			files = (
				39B1BC382895F21000442E51 /* TodoItem+Fixture.swift in Sources */,
				3927CA55288F37C20042BEAE /* TodoItemTests.swift in Sources */,
				39B1BC3C289603DB00442E51 /* FileCacheTests.swift in Sources */,
			);
			runOnlyForDeploymentPostprocessing = 0;
		};
		3927CA56288F37C20042BEAE /* Sources */ = {
			isa = PBXSourcesBuildPhase;
			buildActionMask = 2147483647;
			files = (
				3927CA61288F37C20042BEAE /* ToDoUITestsLaunchTests.swift in Sources */,
				3927CA5F288F37C20042BEAE /* ToDoUITests.swift in Sources */,
			);
			runOnlyForDeploymentPostprocessing = 0;
		};
/* End PBXSourcesBuildPhase section */

/* Begin PBXTargetDependency section */
		3927CA52288F37C20042BEAE /* PBXTargetDependency */ = {
			isa = PBXTargetDependency;
			target = 3927CA39288F37C10042BEAE /* ToDo */;
			targetProxy = 3927CA51288F37C20042BEAE /* PBXContainerItemProxy */;
		};
		3927CA5C288F37C20042BEAE /* PBXTargetDependency */ = {
			isa = PBXTargetDependency;
			target = 3927CA39288F37C10042BEAE /* ToDo */;
			targetProxy = 3927CA5B288F37C20042BEAE /* PBXContainerItemProxy */;
		};
/* End PBXTargetDependency section */

/* Begin PBXVariantGroup section */
		3927CA43288F37C10042BEAE /* Main.storyboard */ = {
			isa = PBXVariantGroup;
			children = (
				3927CA44288F37C10042BEAE /* Base */,
			);
			name = Main.storyboard;
			sourceTree = "<group>";
		};
		3927CA48288F37C20042BEAE /* LaunchScreen.storyboard */ = {
			isa = PBXVariantGroup;
			children = (
				3927CA49288F37C20042BEAE /* Base */,
			);
			name = LaunchScreen.storyboard;
			sourceTree = "<group>";
		};
/* End PBXVariantGroup section */

/* Begin XCBuildConfiguration section */
		3927CA62288F37C20042BEAE /* Debug */ = {
			isa = XCBuildConfiguration;
			buildSettings = {
				ALWAYS_SEARCH_USER_PATHS = NO;
				CLANG_ANALYZER_NONNULL = YES;
				CLANG_ANALYZER_NUMBER_OBJECT_CONVERSION = YES_AGGRESSIVE;
				CLANG_CXX_LANGUAGE_STANDARD = "gnu++17";
				CLANG_CXX_LIBRARY = "libc++";
				CLANG_ENABLE_MODULES = YES;
				CLANG_ENABLE_OBJC_ARC = YES;
				CLANG_ENABLE_OBJC_WEAK = YES;
				CLANG_WARN_BLOCK_CAPTURE_AUTORELEASING = YES;
				CLANG_WARN_BOOL_CONVERSION = YES;
				CLANG_WARN_COMMA = YES;
				CLANG_WARN_CONSTANT_CONVERSION = YES;
				CLANG_WARN_DEPRECATED_OBJC_IMPLEMENTATIONS = YES;
				CLANG_WARN_DIRECT_OBJC_ISA_USAGE = YES_ERROR;
				CLANG_WARN_DOCUMENTATION_COMMENTS = YES;
				CLANG_WARN_EMPTY_BODY = YES;
				CLANG_WARN_ENUM_CONVERSION = YES;
				CLANG_WARN_INFINITE_RECURSION = YES;
				CLANG_WARN_INT_CONVERSION = YES;
				CLANG_WARN_NON_LITERAL_NULL_CONVERSION = YES;
				CLANG_WARN_OBJC_IMPLICIT_RETAIN_SELF = YES;
				CLANG_WARN_OBJC_LITERAL_CONVERSION = YES;
				CLANG_WARN_OBJC_ROOT_CLASS = YES_ERROR;
				CLANG_WARN_QUOTED_INCLUDE_IN_FRAMEWORK_HEADER = YES;
				CLANG_WARN_RANGE_LOOP_ANALYSIS = YES;
				CLANG_WARN_STRICT_PROTOTYPES = YES;
				CLANG_WARN_SUSPICIOUS_MOVE = YES;
				CLANG_WARN_UNGUARDED_AVAILABILITY = YES_AGGRESSIVE;
				CLANG_WARN_UNREACHABLE_CODE = YES;
				CLANG_WARN__DUPLICATE_METHOD_MATCH = YES;
				COPY_PHASE_STRIP = NO;
				DEBUG_INFORMATION_FORMAT = dwarf;
				ENABLE_STRICT_OBJC_MSGSEND = YES;
				ENABLE_TESTABILITY = YES;
				GCC_C_LANGUAGE_STANDARD = gnu11;
				GCC_DYNAMIC_NO_PIC = NO;
				GCC_NO_COMMON_BLOCKS = YES;
				GCC_OPTIMIZATION_LEVEL = 0;
				GCC_PREPROCESSOR_DEFINITIONS = (
					"DEBUG=1",
					"$(inherited)",
				);
				GCC_WARN_64_TO_32_BIT_CONVERSION = YES;
				GCC_WARN_ABOUT_RETURN_TYPE = YES_ERROR;
				GCC_WARN_UNDECLARED_SELECTOR = YES;
				GCC_WARN_UNINITIALIZED_AUTOS = YES_AGGRESSIVE;
				GCC_WARN_UNUSED_FUNCTION = YES;
				GCC_WARN_UNUSED_VARIABLE = YES;
				IPHONEOS_DEPLOYMENT_TARGET = 15.2;
				MTL_ENABLE_DEBUG_INFO = INCLUDE_SOURCE;
				MTL_FAST_MATH = YES;
				ONLY_ACTIVE_ARCH = YES;
				SDKROOT = iphoneos;
				SWIFT_ACTIVE_COMPILATION_CONDITIONS = DEBUG;
				SWIFT_OPTIMIZATION_LEVEL = "-Onone";
			};
			name = Debug;
		};
		3927CA63288F37C20042BEAE /* Release */ = {
			isa = XCBuildConfiguration;
			buildSettings = {
				ALWAYS_SEARCH_USER_PATHS = NO;
				CLANG_ANALYZER_NONNULL = YES;
				CLANG_ANALYZER_NUMBER_OBJECT_CONVERSION = YES_AGGRESSIVE;
				CLANG_CXX_LANGUAGE_STANDARD = "gnu++17";
				CLANG_CXX_LIBRARY = "libc++";
				CLANG_ENABLE_MODULES = YES;
				CLANG_ENABLE_OBJC_ARC = YES;
				CLANG_ENABLE_OBJC_WEAK = YES;
				CLANG_WARN_BLOCK_CAPTURE_AUTORELEASING = YES;
				CLANG_WARN_BOOL_CONVERSION = YES;
				CLANG_WARN_COMMA = YES;
				CLANG_WARN_CONSTANT_CONVERSION = YES;
				CLANG_WARN_DEPRECATED_OBJC_IMPLEMENTATIONS = YES;
				CLANG_WARN_DIRECT_OBJC_ISA_USAGE = YES_ERROR;
				CLANG_WARN_DOCUMENTATION_COMMENTS = YES;
				CLANG_WARN_EMPTY_BODY = YES;
				CLANG_WARN_ENUM_CONVERSION = YES;
				CLANG_WARN_INFINITE_RECURSION = YES;
				CLANG_WARN_INT_CONVERSION = YES;
				CLANG_WARN_NON_LITERAL_NULL_CONVERSION = YES;
				CLANG_WARN_OBJC_IMPLICIT_RETAIN_SELF = YES;
				CLANG_WARN_OBJC_LITERAL_CONVERSION = YES;
				CLANG_WARN_OBJC_ROOT_CLASS = YES_ERROR;
				CLANG_WARN_QUOTED_INCLUDE_IN_FRAMEWORK_HEADER = YES;
				CLANG_WARN_RANGE_LOOP_ANALYSIS = YES;
				CLANG_WARN_STRICT_PROTOTYPES = YES;
				CLANG_WARN_SUSPICIOUS_MOVE = YES;
				CLANG_WARN_UNGUARDED_AVAILABILITY = YES_AGGRESSIVE;
				CLANG_WARN_UNREACHABLE_CODE = YES;
				CLANG_WARN__DUPLICATE_METHOD_MATCH = YES;
				COPY_PHASE_STRIP = NO;
				DEBUG_INFORMATION_FORMAT = "dwarf-with-dsym";
				ENABLE_NS_ASSERTIONS = NO;
				ENABLE_STRICT_OBJC_MSGSEND = YES;
				GCC_C_LANGUAGE_STANDARD = gnu11;
				GCC_NO_COMMON_BLOCKS = YES;
				GCC_WARN_64_TO_32_BIT_CONVERSION = YES;
				GCC_WARN_ABOUT_RETURN_TYPE = YES_ERROR;
				GCC_WARN_UNDECLARED_SELECTOR = YES;
				GCC_WARN_UNINITIALIZED_AUTOS = YES_AGGRESSIVE;
				GCC_WARN_UNUSED_FUNCTION = YES;
				GCC_WARN_UNUSED_VARIABLE = YES;
				IPHONEOS_DEPLOYMENT_TARGET = 15.2;
				MTL_ENABLE_DEBUG_INFO = NO;
				MTL_FAST_MATH = YES;
				SDKROOT = iphoneos;
				SWIFT_COMPILATION_MODE = wholemodule;
				SWIFT_OPTIMIZATION_LEVEL = "-O";
				VALIDATE_PRODUCT = YES;
			};
			name = Release;
		};
		3927CA65288F37C20042BEAE /* Debug */ = {
			isa = XCBuildConfiguration;
			baseConfigurationReference = 912454B0569B585AF8AC5B5C /* Pods-ToDo.debug.xcconfig */;
			buildSettings = {
				ASSETCATALOG_COMPILER_APPICON_NAME = AppIcon;
				ASSETCATALOG_COMPILER_GLOBAL_ACCENT_COLOR_NAME = AccentColor;
				CODE_SIGN_STYLE = Automatic;
				CURRENT_PROJECT_VERSION = 1;
				DEVELOPMENT_TEAM = KZ6U2U6SB3;
				GENERATE_INFOPLIST_FILE = YES;
				INFOPLIST_FILE = ToDo/Info.plist;
				INFOPLIST_KEY_UIApplicationSupportsIndirectInputEvents = YES;
				INFOPLIST_KEY_UILaunchStoryboardName = LaunchScreen;
				INFOPLIST_KEY_UIMainStoryboardFile = Main;
				INFOPLIST_KEY_UISupportedInterfaceOrientations_iPad = "UIInterfaceOrientationPortrait UIInterfaceOrientationPortraitUpsideDown UIInterfaceOrientationLandscapeLeft UIInterfaceOrientationLandscapeRight";
				INFOPLIST_KEY_UISupportedInterfaceOrientations_iPhone = "UIInterfaceOrientationPortrait UIInterfaceOrientationLandscapeLeft UIInterfaceOrientationLandscapeRight";
				IPHONEOS_DEPLOYMENT_TARGET = 14.0;
				LD_RUNPATH_SEARCH_PATHS = (
					"$(inherited)",
					"@executable_path/Frameworks",
				);
				MARKETING_VERSION = 1.0;
				PRODUCT_BUNDLE_IDENTIFIER = ru.T1mur.ToDo;
				PRODUCT_NAME = "$(TARGET_NAME)";
				SWIFT_EMIT_LOC_STRINGS = YES;
				SWIFT_VERSION = 5.0;
				TARGETED_DEVICE_FAMILY = "1,2";
			};
			name = Debug;
		};
		3927CA66288F37C20042BEAE /* Release */ = {
			isa = XCBuildConfiguration;
			baseConfigurationReference = 25B5676FC3C9323C542CE603 /* Pods-ToDo.release.xcconfig */;
			buildSettings = {
				ASSETCATALOG_COMPILER_APPICON_NAME = AppIcon;
				ASSETCATALOG_COMPILER_GLOBAL_ACCENT_COLOR_NAME = AccentColor;
				CODE_SIGN_STYLE = Automatic;
				CURRENT_PROJECT_VERSION = 1;
				DEVELOPMENT_TEAM = KZ6U2U6SB3;
				GENERATE_INFOPLIST_FILE = YES;
				INFOPLIST_FILE = ToDo/Info.plist;
				INFOPLIST_KEY_UIApplicationSupportsIndirectInputEvents = YES;
				INFOPLIST_KEY_UILaunchStoryboardName = LaunchScreen;
				INFOPLIST_KEY_UIMainStoryboardFile = Main;
				INFOPLIST_KEY_UISupportedInterfaceOrientations_iPad = "UIInterfaceOrientationPortrait UIInterfaceOrientationPortraitUpsideDown UIInterfaceOrientationLandscapeLeft UIInterfaceOrientationLandscapeRight";
				INFOPLIST_KEY_UISupportedInterfaceOrientations_iPhone = "UIInterfaceOrientationPortrait UIInterfaceOrientationLandscapeLeft UIInterfaceOrientationLandscapeRight";
				IPHONEOS_DEPLOYMENT_TARGET = 14.0;
				LD_RUNPATH_SEARCH_PATHS = (
					"$(inherited)",
					"@executable_path/Frameworks",
				);
				MARKETING_VERSION = 1.0;
				PRODUCT_BUNDLE_IDENTIFIER = ru.T1mur.ToDo;
				PRODUCT_NAME = "$(TARGET_NAME)";
				SWIFT_EMIT_LOC_STRINGS = YES;
				SWIFT_VERSION = 5.0;
				TARGETED_DEVICE_FAMILY = "1,2";
			};
			name = Release;
		};
		3927CA68288F37C20042BEAE /* Debug */ = {
			isa = XCBuildConfiguration;
			baseConfigurationReference = 8A742F1D24F8816D4FEF39B2 /* Pods-ToDoTests.debug.xcconfig */;
			buildSettings = {
				ALWAYS_EMBED_SWIFT_STANDARD_LIBRARIES = YES;
				BUNDLE_LOADER = "$(TEST_HOST)";
				CODE_SIGN_STYLE = Automatic;
				CURRENT_PROJECT_VERSION = 1;
				DEVELOPMENT_TEAM = KZ6U2U6SB3;
				GENERATE_INFOPLIST_FILE = YES;
				IPHONEOS_DEPLOYMENT_TARGET = 15.2;
				MARKETING_VERSION = 1.0;
				PRODUCT_BUNDLE_IDENTIFIER = ru.T1mur.ToDoTests;
				PRODUCT_NAME = "$(TARGET_NAME)";
				SWIFT_EMIT_LOC_STRINGS = NO;
				SWIFT_VERSION = 5.0;
				TARGETED_DEVICE_FAMILY = "1,2";
				TEST_HOST = "$(BUILT_PRODUCTS_DIR)/ToDo.app/ToDo";
			};
			name = Debug;
		};
		3927CA69288F37C20042BEAE /* Release */ = {
			isa = XCBuildConfiguration;
			baseConfigurationReference = F773559197E69D4E82398ACE /* Pods-ToDoTests.release.xcconfig */;
			buildSettings = {
				ALWAYS_EMBED_SWIFT_STANDARD_LIBRARIES = YES;
				BUNDLE_LOADER = "$(TEST_HOST)";
				CODE_SIGN_STYLE = Automatic;
				CURRENT_PROJECT_VERSION = 1;
				DEVELOPMENT_TEAM = KZ6U2U6SB3;
				GENERATE_INFOPLIST_FILE = YES;
				IPHONEOS_DEPLOYMENT_TARGET = 15.2;
				MARKETING_VERSION = 1.0;
				PRODUCT_BUNDLE_IDENTIFIER = ru.T1mur.ToDoTests;
				PRODUCT_NAME = "$(TARGET_NAME)";
				SWIFT_EMIT_LOC_STRINGS = NO;
				SWIFT_VERSION = 5.0;
				TARGETED_DEVICE_FAMILY = "1,2";
				TEST_HOST = "$(BUILT_PRODUCTS_DIR)/ToDo.app/ToDo";
			};
			name = Release;
		};
		3927CA6B288F37C20042BEAE /* Debug */ = {
			isa = XCBuildConfiguration;
			baseConfigurationReference = 1BD9CDA26AB1F779829B4331 /* Pods-ToDo-ToDoUITests.debug.xcconfig */;
			buildSettings = {
				ALWAYS_EMBED_SWIFT_STANDARD_LIBRARIES = YES;
				CODE_SIGN_STYLE = Automatic;
				CURRENT_PROJECT_VERSION = 1;
				DEVELOPMENT_TEAM = KZ6U2U6SB3;
				GENERATE_INFOPLIST_FILE = YES;
				MARKETING_VERSION = 1.0;
				PRODUCT_BUNDLE_IDENTIFIER = ru.T1mur.ToDoUITests;
				PRODUCT_NAME = "$(TARGET_NAME)";
				SWIFT_EMIT_LOC_STRINGS = NO;
				SWIFT_VERSION = 5.0;
				TARGETED_DEVICE_FAMILY = "1,2";
				TEST_TARGET_NAME = ToDo;
			};
			name = Debug;
		};
		3927CA6C288F37C20042BEAE /* Release */ = {
			isa = XCBuildConfiguration;
			baseConfigurationReference = 0902377807653E87372DCBCC /* Pods-ToDo-ToDoUITests.release.xcconfig */;
			buildSettings = {
				ALWAYS_EMBED_SWIFT_STANDARD_LIBRARIES = YES;
				CODE_SIGN_STYLE = Automatic;
				CURRENT_PROJECT_VERSION = 1;
				DEVELOPMENT_TEAM = KZ6U2U6SB3;
				GENERATE_INFOPLIST_FILE = YES;
				MARKETING_VERSION = 1.0;
				PRODUCT_BUNDLE_IDENTIFIER = ru.T1mur.ToDoUITests;
				PRODUCT_NAME = "$(TARGET_NAME)";
				SWIFT_EMIT_LOC_STRINGS = NO;
				SWIFT_VERSION = 5.0;
				TARGETED_DEVICE_FAMILY = "1,2";
				TEST_TARGET_NAME = ToDo;
			};
			name = Release;
		};
/* End XCBuildConfiguration section */

/* Begin XCConfigurationList section */
		3927CA35288F37C10042BEAE /* Build configuration list for PBXProject "ToDo" */ = {
			isa = XCConfigurationList;
			buildConfigurations = (
				3927CA62288F37C20042BEAE /* Debug */,
				3927CA63288F37C20042BEAE /* Release */,
			);
			defaultConfigurationIsVisible = 0;
			defaultConfigurationName = Release;
		};
		3927CA64288F37C20042BEAE /* Build configuration list for PBXNativeTarget "ToDo" */ = {
			isa = XCConfigurationList;
			buildConfigurations = (
				3927CA65288F37C20042BEAE /* Debug */,
				3927CA66288F37C20042BEAE /* Release */,
			);
			defaultConfigurationIsVisible = 0;
			defaultConfigurationName = Release;
		};
		3927CA67288F37C20042BEAE /* Build configuration list for PBXNativeTarget "ToDoTests" */ = {
			isa = XCConfigurationList;
			buildConfigurations = (
				3927CA68288F37C20042BEAE /* Debug */,
				3927CA69288F37C20042BEAE /* Release */,
			);
			defaultConfigurationIsVisible = 0;
			defaultConfigurationName = Release;
		};
		3927CA6A288F37C20042BEAE /* Build configuration list for PBXNativeTarget "ToDoUITests" */ = {
			isa = XCConfigurationList;
			buildConfigurations = (
				3927CA6B288F37C20042BEAE /* Debug */,
				3927CA6C288F37C20042BEAE /* Release */,
			);
			defaultConfigurationIsVisible = 0;
			defaultConfigurationName = Release;
		};
/* End XCConfigurationList section */
	};
	rootObject = 3927CA32288F37C10042BEAE /* Project object */;
}
